PODS:
  - Flutter (1.0.0)
  - flutter_geofence (0.1.1):
    - Flutter
  - flutter_local_notifications (0.0.1):
    - Flutter
  - flutter_plugin_android_lifecycle (0.0.1):
    - Flutter
  - google_maps_flutter (0.0.1):
    - Flutter
    - GoogleMaps
  - GoogleMaps (3.7.0):
    - GoogleMaps/Maps (= 3.7.0)
  - GoogleMaps/Base (3.7.0)
  - GoogleMaps/Maps (3.7.0):
    - GoogleMaps/Base
  - "permission_handler (5.0.0+hotfix.8)":
    - Flutter

DEPENDENCIES:
  - Flutter (from `Flutter`)
  - flutter_geofence (from `.symlinks/plugins/flutter_geofence/ios`)
  - flutter_local_notifications (from `.symlinks/plugins/flutter_local_notifications/ios`)
  - flutter_plugin_android_lifecycle (from `.symlinks/plugins/flutter_plugin_android_lifecycle/ios`)
  - google_maps_flutter (from `.symlinks/plugins/google_maps_flutter/ios`)
  - permission_handler (from `.symlinks/plugins/permission_handler/ios`)

SPEC REPOS:
  trunk:
    - GoogleMaps

EXTERNAL SOURCES:
  Flutter:
    :path: Flutter
  flutter_geofence:
    :path: ".symlinks/plugins/flutter_geofence/ios"
  flutter_local_notifications:
    :path: ".symlinks/plugins/flutter_local_notifications/ios"
  flutter_plugin_android_lifecycle:
    :path: ".symlinks/plugins/flutter_plugin_android_lifecycle/ios"
  google_maps_flutter:
    :path: ".symlinks/plugins/google_maps_flutter/ios"
  permission_handler:
    :path: ".symlinks/plugins/permission_handler/ios"

SPEC CHECKSUMS:
  Flutter: 0e3d915762c693b495b44d77113d4970485de6ec
  flutter_geofence: 08e5427c56c540ffac97425b8e10dd598912fb3d
  flutter_local_notifications: 9e4738ce2471c5af910d961a6b7eadcf57c50186
  flutter_plugin_android_lifecycle: dc0b544e129eebb77a6bfb1239d4d1c673a60a35
  google_maps_flutter: df4e7de95264aa0a2f11aac0fc7e313acb8ffc7e
  GoogleMaps: 55da829c68aa931f3ae982b9e341cc2f3d89c587
  permission_handler: c2a19c5cb3ed2d7054fc4baa8ff1b86f5dcfedfd

PODFILE CHECKSUM: 57c0a04aecf229a7cf243c9975bcaf53091e8325

COCOAPODS: 1.9.1
